{
  "requires": true,
  "lockfileVersion": 1,
  "dependencies": {
    "JSONStream": {
      "version": "0.8.4",
      "resolved": "https://registry.npmjs.org/JSONStream/-/JSONStream-0.8.4.tgz",
      "integrity": "sha1-kWV9/m/4V0gwZhMrRhi2Lo9Ih70=",
      "requires": {
        "jsonparse": "0.0.5",
        "through": ">=2.2.7 <3"
      }
    },
    "chart.js": {
      "version": "3.7.1",
      "resolved": "https://registry.npmjs.org/chart.js/-/chart.js-3.7.1.tgz",
      "integrity": "sha512-8knRegQLFnPQAheZV8MjxIXc5gQEfDFD897BJgv/klO/vtIyFFmgMXrNfgrXpbTr/XbTturxRgxIXx/Y+ASJBA=="
    },
    "flask": {
      "version": "0.2.10",
      "resolved": "https://registry.npmjs.org/flask/-/flask-0.2.10.tgz",
      "integrity": "sha1-9fWkLP1YownjfGfAo5YXqBnl4bc="
    },
    "jsonparse": {
      "version": "0.0.5",
      "resolved": "https://registry.npmjs.org/jsonparse/-/jsonparse-0.0.5.tgz",
      "integrity": "sha1-MwVCrT8KZUZlt3jz6y2an6UHrGQ="
    },
    "streaming-json-stringify": {
      "version": "1.0.1",
      "resolved": "https://registry.npmjs.org/streaming-json-stringify/-/streaming-json-stringify-1.0.1.tgz",
      "integrity": "sha1-a3q0PXdmA1FwyaKpbGzBQ3ZKTr0="
    },
    "through": {
      "version": "2.3.8",
      "resolved": "https://registry.npmjs.org/through/-/through-2.3.8.tgz",
      "integrity": "sha1-DdTJ/6q8NXlgsbckEV1+Doai4fU="
    }
  }
}
